// !$*UTF8*$!
{
	archiveVersion = 1;
	classes = {
	};
	objectVersion = 46;
	objects = {

/* Begin PBXBuildFile section */
		842C09CE1B0A9271000F2284 /* AppDelegate.swift in Sources */ = {isa = PBXBuildFile; fileRef = 842C09CD1B0A9271000F2284 /* AppDelegate.swift */; };
		842C09D01B0A9271000F2284 /* ViewController.swift in Sources */ = {isa = PBXBuildFile; fileRef = 842C09CF1B0A9271000F2284 /* ViewController.swift */; };
		842C09D31B0A9271000F2284 /* Main.storyboard in Resources */ = {isa = PBXBuildFile; fileRef = 842C09D11B0A9271000F2284 /* Main.storyboard */; };
		842C09D51B0A9271000F2284 /* Images.xcassets in Resources */ = {isa = PBXBuildFile; fileRef = 842C09D41B0A9271000F2284 /* Images.xcassets */; };
		842C09D81B0A9271000F2284 /* LaunchScreen.xib in Resources */ = {isa = PBXBuildFile; fileRef = 842C09D61B0A9271000F2284 /* LaunchScreen.xib */; };
		842C09E41B0A9272000F2284 /* metaappTests.swift in Sources */ = {isa = PBXBuildFile; fileRef = 842C09E31B0A9272000F2284 /* metaappTests.swift */; };
		846E27961B0C4379001D3D52 /* DataFetcher.swift in Sources */ = {isa = PBXBuildFile; fileRef = 846E27951B0C4379001D3D52 /* DataFetcher.swift */; };
		84BF53691B0DB4E500204B0D /* MaintenanceViewController.swift in Sources */ = {isa = PBXBuildFile; fileRef = 84BF53681B0DB4E500204B0D /* MaintenanceViewController.swift */; };
		E75A03F6864CD2309E4A1BD3 /* libPods-metaapp.a in Frameworks */ = {isa = PBXBuildFile; fileRef = 7302238C227D94D68C56E208 /* libPods-metaapp.a */; };
/* End PBXBuildFile section */

/* Begin PBXContainerItemProxy section */
		842C09DE1B0A9272000F2284 /* PBXContainerItemProxy */ = {
			isa = PBXContainerItemProxy;
			containerPortal = 842C09C01B0A9271000F2284 /* Project object */;
			proxyType = 1;
			remoteGlobalIDString = 842C09C71B0A9271000F2284;
			remoteInfo = metaapp;
		};
/* End PBXContainerItemProxy section */

/* Begin PBXFileReference section */
		7302238C227D94D68C56E208 /* libPods-metaapp.a */ = {isa = PBXFileReference; explicitFileType = archive.ar; includeInIndex = 0; path = "libPods-metaapp.a"; sourceTree = BUILT_PRODUCTS_DIR; };
		842C09C81B0A9271000F2284 /* metaapp.app */ = {isa = PBXFileReference; explicitFileType = wrapper.application; includeInIndex = 0; path = metaapp.app; sourceTree = BUILT_PRODUCTS_DIR; };
		842C09CC1B0A9271000F2284 /* Info.plist */ = {isa = PBXFileReference; lastKnownFileType = text.plist.xml; path = Info.plist; sourceTree = "<group>"; };
		842C09CD1B0A9271000F2284 /* AppDelegate.swift */ = {isa = PBXFileReference; lastKnownFileType = sourcecode.swift; path = AppDelegate.swift; sourceTree = "<group>"; };
		842C09CF1B0A9271000F2284 /* ViewController.swift */ = {isa = PBXFileReference; lastKnownFileType = sourcecode.swift; path = ViewController.swift; sourceTree = "<group>"; };
		842C09D21B0A9271000F2284 /* Base */ = {isa = PBXFileReference; lastKnownFileType = file.storyboard; name = Base; path = Base.lproj/Main.storyboard; sourceTree = "<group>"; };
		842C09D41B0A9271000F2284 /* Images.xcassets */ = {isa = PBXFileReference; lastKnownFileType = folder.assetcatalog; path = Images.xcassets; sourceTree = "<group>"; };
		842C09D71B0A9271000F2284 /* Base */ = {isa = PBXFileReference; lastKnownFileType = file.xib; name = Base; path = Base.lproj/LaunchScreen.xib; sourceTree = "<group>"; };
		842C09DD1B0A9272000F2284 /* metaappTests.xctest */ = {isa = PBXFileReference; explicitFileType = wrapper.cfbundle; includeInIndex = 0; path = metaappTests.xctest; sourceTree = BUILT_PRODUCTS_DIR; };
		842C09E21B0A9272000F2284 /* Info.plist */ = {isa = PBXFileReference; lastKnownFileType = text.plist.xml; path = Info.plist; sourceTree = "<group>"; };
		842C09E31B0A9272000F2284 /* metaappTests.swift */ = {isa = PBXFileReference; lastKnownFileType = sourcecode.swift; path = metaappTests.swift; sourceTree = "<group>"; };
		8438A14E1B0D965300994C4D /* metaapp-Bridging-Header.h */ = {isa = PBXFileReference; lastKnownFileType = sourcecode.c.h; path = "metaapp-Bridging-Header.h"; sourceTree = "<group>"; };
		846E27951B0C4379001D3D52 /* DataFetcher.swift */ = {isa = PBXFileReference; fileEncoding = 4; lastKnownFileType = sourcecode.swift; path = DataFetcher.swift; sourceTree = "<group>"; };
		84BF53681B0DB4E500204B0D /* MaintenanceViewController.swift */ = {isa = PBXFileReference; fileEncoding = 4; lastKnownFileType = sourcecode.swift; path = MaintenanceViewController.swift; sourceTree = "<group>"; };
		FD9A4EB02C24FD008F665454 /* Pods-metaapp.release.xcconfig */ = {isa = PBXFileReference; includeInIndex = 1; lastKnownFileType = text.xcconfig; name = "Pods-metaapp.release.xcconfig"; path = "Pods/Target Support Files/Pods-metaapp/Pods-metaapp.release.xcconfig"; sourceTree = "<group>"; };
		FED9EB9AE9BAE5D04411898B /* Pods-metaapp.debug.xcconfig */ = {isa = PBXFileReference; includeInIndex = 1; lastKnownFileType = text.xcconfig; name = "Pods-metaapp.debug.xcconfig"; path = "Pods/Target Support Files/Pods-metaapp/Pods-metaapp.debug.xcconfig"; sourceTree = "<group>"; };
/* End PBXFileReference section */

/* Begin PBXFrameworksBuildPhase section */
		842C09C51B0A9271000F2284 /* Frameworks */ = {
			isa = PBXFrameworksBuildPhase;
			buildActionMask = 2147483647;
			files = (
				E75A03F6864CD2309E4A1BD3 /* libPods-metaapp.a in Frameworks */,
			);
			runOnlyForDeploymentPostprocessing = 0;
		};
		842C09DA1B0A9272000F2284 /* Frameworks */ = {
			isa = PBXFrameworksBuildPhase;
			buildActionMask = 2147483647;
			files = (
			);
			runOnlyForDeploymentPostprocessing = 0;
		};
/* End PBXFrameworksBuildPhase section */

/* Begin PBXGroup section */
		278A17323DE58D861E4327A8 /* Pods */ = {
			isa = PBXGroup;
			children = (
				FED9EB9AE9BAE5D04411898B /* Pods-metaapp.debug.xcconfig */,
				FD9A4EB02C24FD008F665454 /* Pods-metaapp.release.xcconfig */,
			);
			name = Pods;
			sourceTree = "<group>";
		};
		56F429691E5089468D634FCE /* Frameworks */ = {
			isa = PBXGroup;
			children = (
				7302238C227D94D68C56E208 /* libPods-metaapp.a */,
			);
			name = Frameworks;
			sourceTree = "<group>";
		};
		842C09BF1B0A9271000F2284 = {
			isa = PBXGroup;
			children = (
				8438A14E1B0D965300994C4D /* metaapp-Bridging-Header.h */,
				846E27951B0C4379001D3D52 /* DataFetcher.swift */,
				842C09CA1B0A9271000F2284 /* metaapp */,
				842C09E01B0A9272000F2284 /* metaappTests */,
				842C09C91B0A9271000F2284 /* Products */,
				278A17323DE58D861E4327A8 /* Pods */,
				56F429691E5089468D634FCE /* Frameworks */,
			);
			sourceTree = "<group>";
		};
		842C09C91B0A9271000F2284 /* Products */ = {
			isa = PBXGroup;
			children = (
				842C09C81B0A9271000F2284 /* metaapp.app */,
				842C09DD1B0A9272000F2284 /* metaappTests.xctest */,
			);
			name = Products;
			sourceTree = "<group>";
		};
		842C09CA1B0A9271000F2284 /* metaapp */ = {
			isa = PBXGroup;
			children = (
				842C09CD1B0A9271000F2284 /* AppDelegate.swift */,
				842C09CF1B0A9271000F2284 /* ViewController.swift */,
				84BF53681B0DB4E500204B0D /* MaintenanceViewController.swift */,
				842C09D11B0A9271000F2284 /* Main.storyboard */,
				842C09D41B0A9271000F2284 /* Images.xcassets */,
				842C09D61B0A9271000F2284 /* LaunchScreen.xib */,
				842C09CB1B0A9271000F2284 /* Supporting Files */,
			);
			path = metaapp;
			sourceTree = "<group>";
		};
		842C09CB1B0A9271000F2284 /* Supporting Files */ = {
			isa = PBXGroup;
			children = (
				842C09CC1B0A9271000F2284 /* Info.plist */,
			);
			name = "Supporting Files";
			sourceTree = "<group>";
		};
		842C09E01B0A9272000F2284 /* metaappTests */ = {
			isa = PBXGroup;
			children = (
				842C09E31B0A9272000F2284 /* metaappTests.swift */,
				842C09E11B0A9272000F2284 /* Supporting Files */,
			);
			path = metaappTests;
			sourceTree = "<group>";
		};
		842C09E11B0A9272000F2284 /* Supporting Files */ = {
			isa = PBXGroup;
			children = (
				842C09E21B0A9272000F2284 /* Info.plist */,
			);
			name = "Supporting Files";
			sourceTree = "<group>";
		};
/* End PBXGroup section */

/* Begin PBXNativeTarget section */
		842C09C71B0A9271000F2284 /* metaapp */ = {
			isa = PBXNativeTarget;
			buildConfigurationList = 842C09E71B0A9272000F2284 /* Build configuration list for PBXNativeTarget "metaapp" */;
			buildPhases = (
				04788AB63BC3DAB2BBC0CA8D /* Check Pods Manifest.lock */,
				842C09C41B0A9271000F2284 /* Sources */,
				842C09C51B0A9271000F2284 /* Frameworks */,
				842C09C61B0A9271000F2284 /* Resources */,
				CEC2EB9CB726C3A8585F712E /* Copy Pods Resources */,
			);
			buildRules = (
			);
			dependencies = (
			);
			name = metaapp;
			productName = metaapp;
			productReference = 842C09C81B0A9271000F2284 /* metaapp.app */;
			productType = "com.apple.product-type.application";
		};
		842C09DC1B0A9272000F2284 /* metaappTests */ = {
			isa = PBXNativeTarget;
			buildConfigurationList = 842C09EA1B0A9272000F2284 /* Build configuration list for PBXNativeTarget "metaappTests" */;
			buildPhases = (
				842C09D91B0A9272000F2284 /* Sources */,
				842C09DA1B0A9272000F2284 /* Frameworks */,
				842C09DB1B0A9272000F2284 /* Resources */,
			);
			buildRules = (
			);
			dependencies = (
				842C09DF1B0A9272000F2284 /* PBXTargetDependency */,
			);
			name = metaappTests;
			productName = metaappTests;
			productReference = 842C09DD1B0A9272000F2284 /* metaappTests.xctest */;
			productType = "com.apple.product-type.bundle.unit-test";
		};
/* End PBXNativeTarget section */

/* Begin PBXProject section */
		842C09C01B0A9271000F2284 /* Project object */ = {
			isa = PBXProject;
			attributes = {
				LastUpgradeCheck = 0630;
				ORGANIZATIONNAME = MM;
				TargetAttributes = {
					842C09C71B0A9271000F2284 = {
						CreatedOnToolsVersion = 6.3.1;
					};
					842C09DC1B0A9272000F2284 = {
						CreatedOnToolsVersion = 6.3.1;
						TestTargetID = 842C09C71B0A9271000F2284;
					};
				};
			};
			buildConfigurationList = 842C09C31B0A9271000F2284 /* Build configuration list for PBXProject "metaapp" */;
			compatibilityVersion = "Xcode 3.2";
			developmentRegion = English;
			hasScannedForEncodings = 0;
			knownRegions = (
				en,
				Base,
			);
			mainGroup = 842C09BF1B0A9271000F2284;
			productRefGroup = 842C09C91B0A9271000F2284 /* Products */;
			projectDirPath = "";
			projectRoot = "";
			targets = (
				842C09C71B0A9271000F2284 /* metaapp */,
				842C09DC1B0A9272000F2284 /* metaappTests */,
			);
		};
/* End PBXProject section */

/* Begin PBXResourcesBuildPhase section */
		842C09C61B0A9271000F2284 /* Resources */ = {
			isa = PBXResourcesBuildPhase;
			buildActionMask = 2147483647;
			files = (
				842C09D31B0A9271000F2284 /* Main.storyboard in Resources */,
				842C09D81B0A9271000F2284 /* LaunchScreen.xib in Resources */,
				842C09D51B0A9271000F2284 /* Images.xcassets in Resources */,
			);
			runOnlyForDeploymentPostprocessing = 0;
		};
		842C09DB1B0A9272000F2284 /* Resources */ = {
			isa = PBXResourcesBuildPhase;
			buildActionMask = 2147483647;
			files = (
			);
			runOnlyForDeploymentPostprocessing = 0;
		};
/* End PBXResourcesBuildPhase section */

/* Begin PBXShellScriptBuildPhase section */
		04788AB63BC3DAB2BBC0CA8D /* Check Pods Manifest.lock */ = {
			isa = PBXShellScriptBuildPhase;
			buildActionMask = 2147483647;
			files = (
			);
			inputPaths = (
			);
			name = "Check Pods Manifest.lock";
			outputPaths = (
			);
			runOnlyForDeploymentPostprocessing = 0;
			shellPath = /bin/sh;
			shellScript = "diff \"${PODS_ROOT}/../Podfile.lock\" \"${PODS_ROOT}/Manifest.lock\" > /dev/null\nif [[ $? != 0 ]] ; then\n    cat << EOM\nerror: The sandbox is not in sync with the Podfile.lock. Run 'pod install' or update your CocoaPods installation.\nEOM\n    exit 1\nfi\n";
			showEnvVarsInLog = 0;
		};
		CEC2EB9CB726C3A8585F712E /* Copy Pods Resources */ = {
			isa = PBXShellScriptBuildPhase;
			buildActionMask = 2147483647;
			files = (
			);
			inputPaths = (
			);
			name = "Copy Pods Resources";
			outputPaths = (
			);
			runOnlyForDeploymentPostprocessing = 0;
			shellPath = /bin/sh;
			shellScript = "\"${SRCROOT}/Pods/Target Support Files/Pods-metaapp/Pods-metaapp-resources.sh\"\n";
			showEnvVarsInLog = 0;
		};
/* End PBXShellScriptBuildPhase section */

/* Begin PBXSourcesBuildPhase section */
		842C09C41B0A9271000F2284 /* Sources */ = {
			isa = PBXSourcesBuildPhase;
			buildActionMask = 2147483647;
			files = (
				84BF53691B0DB4E500204B0D /* MaintenanceViewController.swift in Sources */,
				846E27961B0C4379001D3D52 /* DataFetcher.swift in Sources */,
				842C09D01B0A9271000F2284 /* ViewController.swift in Sources */,
				842C09CE1B0A9271000F2284 /* AppDelegate.swift in Sources */,
			);
			runOnlyForDeploymentPostprocessing = 0;
		};
		842C09D91B0A9272000F2284 /* Sources */ = {
			isa = PBXSourcesBuildPhase;
			buildActionMask = 2147483647;
			files = (
				842C09E41B0A9272000F2284 /* metaappTests.swift in Sources */,
			);
			runOnlyForDeploymentPostprocessing = 0;
		};
/* End PBXSourcesBuildPhase section */

/* Begin PBXTargetDependency section */
		842C09DF1B0A9272000F2284 /* PBXTargetDependency */ = {
			isa = PBXTargetDependency;
			target = 842C09C71B0A9271000F2284 /* metaapp */;
			targetProxy = 842C09DE1B0A9272000F2284 /* PBXContainerItemProxy */;
		};
/* End PBXTargetDependency section */

/* Begin PBXVariantGroup section */
		842C09D11B0A9271000F2284 /* Main.storyboard */ = {
			isa = PBXVariantGroup;
			children = (
				842C09D21B0A9271000F2284 /* Base */,
			);
			name = Main.storyboard;
			sourceTree = "<group>";
		};
		842C09D61B0A9271000F2284 /* LaunchScreen.xib */ = {
			isa = PBXVariantGroup;
			children = (
				842C09D71B0A9271000F2284 /* Base */,
			);
			name = LaunchScreen.xib;
			sourceTree = "<group>";
		};
/* End PBXVariantGroup section */

/* Begin XCBuildConfiguration section */
		842C09E51B0A9272000F2284 /* Debug */ = {
			isa = XCBuildConfiguration;
			buildSettings = {
				ALWAYS_SEARCH_USER_PATHS = NO;
				CLANG_CXX_LANGUAGE_STANDARD = "gnu++0x";
				CLANG_CXX_LIBRARY = "libc++";
				CLANG_ENABLE_MODULES = YES;
				CLANG_ENABLE_OBJC_ARC = YES;
				CLANG_WARN_BOOL_CONVERSION = YES;
				CLANG_WARN_CONSTANT_CONVERSION = YES;
				CLANG_WARN_DIRECT_OBJC_ISA_USAGE = YES_ERROR;
				CLANG_WARN_EMPTY_BODY = YES;
				CLANG_WARN_ENUM_CONVERSION = YES;
				CLANG_WARN_INT_CONVERSION = YES;
				CLANG_WARN_OBJC_ROOT_CLASS = YES_ERROR;
				CLANG_WARN_UNREACHABLE_CODE = YES;
				CLANG_WARN__DUPLICATE_METHOD_MATCH = YES;
				"CODE_SIGN_IDENTITY[sdk=iphoneos*]" = "iPhone Developer";
				COPY_PHASE_STRIP = NO;
				DEBUG_INFORMATION_FORMAT = "dwarf-with-dsym";
				ENABLE_STRICT_OBJC_MSGSEND = YES;
				GCC_C_LANGUAGE_STANDARD = gnu99;
				GCC_DYNAMIC_NO_PIC = NO;
				GCC_NO_COMMON_BLOCKS = YES;
				GCC_OPTIMIZATION_LEVEL = 0;
				GCC_PREPROCESSOR_DEFINITIONS = (
					"DEBUG=1",
					"$(inherited)",
				);
				GCC_SYMBOLS_PRIVATE_EXTERN = NO;
				GCC_WARN_64_TO_32_BIT_CONVERSION = YES;
				GCC_WARN_ABOUT_RETURN_TYPE = YES_ERROR;
				GCC_WARN_UNDECLARED_SELECTOR = YES;
				GCC_WARN_UNINITIALIZED_AUTOS = YES_AGGRESSIVE;
				GCC_WARN_UNUSED_FUNCTION = YES;
				GCC_WARN_UNUSED_VARIABLE = YES;
				IPHONEOS_DEPLOYMENT_TARGET = 8.3;
				MTL_ENABLE_DEBUG_INFO = YES;
				ONLY_ACTIVE_ARCH = YES;
				SDKROOT = iphoneos;
				SWIFT_OPTIMIZATION_LEVEL = "-Onone";
			};
			name = Debug;
		};
		842C09E61B0A9272000F2284 /* Release */ = {
			isa = XCBuildConfiguration;
			buildSettings = {
				ALWAYS_SEARCH_USER_PATHS = NO;
				CLANG_CXX_LANGUAGE_STANDARD = "gnu++0x";
				CLANG_CXX_LIBRARY = "libc++";
				CLANG_ENABLE_MODULES = YES;
				CLANG_ENABLE_OBJC_ARC = YES;
				CLANG_WARN_BOOL_CONVERSION = YES;
				CLANG_WARN_CONSTANT_CONVERSION = YES;
				CLANG_WARN_DIRECT_OBJC_ISA_USAGE = YES_ERROR;
				CLANG_WARN_EMPTY_BODY = YES;
				CLANG_WARN_ENUM_CONVERSION = YES;
				CLANG_WARN_INT_CONVERSION = YES;
				CLANG_WARN_OBJC_ROOT_CLASS = YES_ERROR;
				CLANG_WARN_UNREACHABLE_CODE = YES;
				CLANG_WARN__DUPLICATE_METHOD_MATCH = YES;
				"CODE_SIGN_IDENTITY[sdk=iphoneos*]" = "iPhone Developer";
				COPY_PHASE_STRIP = NO;
				DEBUG_INFORMATION_FORMAT = "dwarf-with-dsym";
				ENABLE_NS_ASSERTIONS = NO;
				ENABLE_STRICT_OBJC_MSGSEND = YES;
				GCC_C_LANGUAGE_STANDARD = gnu99;
				GCC_NO_COMMON_BLOCKS = YES;
				GCC_WARN_64_TO_32_BIT_CONVERSION = YES;
				GCC_WARN_ABOUT_RETURN_TYPE = YES_ERROR;
				GCC_WARN_UNDECLARED_SELECTOR = YES;
				GCC_WARN_UNINITIALIZED_AUTOS = YES_AGGRESSIVE;
				GCC_WARN_UNUSED_FUNCTION = YES;
				GCC_WARN_UNUSED_VARIABLE = YES;
				IPHONEOS_DEPLOYMENT_TARGET = 8.3;
				MTL_ENABLE_DEBUG_INFO = NO;
				SDKROOT = iphoneos;
				VALIDATE_PRODUCT = YES;
			};
			name = Release;
		};
		842C09E81B0A9272000F2284 /* Debug */ = {
			isa = XCBuildConfiguration;
			baseConfigurationReference = FED9EB9AE9BAE5D04411898B /* Pods-metaapp.debug.xcconfig */;
			buildSettings = {
				ASSETCATALOG_COMPILER_APPICON_NAME = AppIcon;
				INFOPLIST_FILE = metaapp/Info.plist;
				LD_RUNPATH_SEARCH_PATHS = "$(inherited) @executable_path/Frameworks";
				PRODUCT_NAME = "$(TARGET_NAME)";
				SWIFT_OBJC_BRIDGING_HEADER = "metaapp-Bridging-Header.h";
			};
			name = Debug;
		};
		842C09E91B0A9272000F2284 /* Release */ = {
			isa = XCBuildConfiguration;
			baseConfigurationReference = FD9A4EB02C24FD008F665454 /* Pods-metaapp.release.xcconfig */;
			buildSettings = {
				ASSETCATALOG_COMPILER_APPICON_NAME = AppIcon;
				INFOPLIST_FILE = metaapp/Info.plist;
				LD_RUNPATH_SEARCH_PATHS = "$(inherited) @executable_path/Frameworks";
				PRODUCT_NAME = "$(TARGET_NAME)";
				SWIFT_OBJC_BRIDGING_HEADER = "metaapp-Bridging-Header.h";
			};
			name = Release;
		};
		842C09EB1B0A9272000F2284 /* Debug */ = {
			isa = XCBuildConfiguration;
			buildSettings = {
				BUNDLE_LOADER = "$(TEST_HOST)";
				FRAMEWORK_SEARCH_PATHS = (
					"$(SDKROOT)/Developer/Library/Frameworks",
					"$(inherited)",
				);
				GCC_PREPROCESSOR_DEFINITIONS = (
					"DEBUG=1",
					"$(inherited)",
				);
				INFOPLIST_FILE = metaappTests/Info.plist;
				LD_RUNPATH_SEARCH_PATHS = "$(inherited) @executable_path/Frameworks @loader_path/Frameworks";
				PRODUCT_NAME = "$(TARGET_NAME)";
				TEST_HOST = "$(BUILT_PRODUCTS_DIR)/metaapp.app/metaapp";
			};
			name = Debug;
		};
		842C09EC1B0A9272000F2284 /* Release */ = {
			isa = XCBuildConfiguration;
			buildSettings = {
				BUNDLE_LOADER = "$(TEST_HOST)";
				FRAMEWORK_SEARCH_PATHS = (
					"$(SDKROOT)/Developer/Library/Frameworks",
					"$(inherited)",
				);
				INFOPLIST_FILE = metaappTests/Info.plist;
				LD_RUNPATH_SEARCH_PATHS = "$(inherited) @executable_path/Frameworks @loader_path/Frameworks";
				PRODUCT_NAME = "$(TARGET_NAME)";
				TEST_HOST = "$(BUILT_PRODUCTS_DIR)/metaapp.app/metaapp";
			};
			name = Release;
		};
/* End XCBuildConfiguration section */

/* Begin XCConfigurationList section */
		842C09C31B0A9271000F2284 /* Build configuration list for PBXProject "metaapp" */ = {
			isa = XCConfigurationList;
			buildConfigurations = (
				842C09E51B0A9272000F2284 /* Debug */,
				842C09E61B0A9272000F2284 /* Release */,
			);
			defaultConfigurationIsVisible = 0;
			defaultConfigurationName = Release;
		};
		842C09E71B0A9272000F2284 /* Build configuration list for PBXNativeTarget "metaapp" */ = {
			isa = XCConfigurationList;
			buildConfigurations = (
				842C09E81B0A9272000F2284 /* Debug */,
				842C09E91B0A9272000F2284 /* Release */,
			);
			defaultConfigurationIsVisible = 0;
			defaultConfigurationName = Release;
		};
		842C09EA1B0A9272000F2284 /* Build configuration list for PBXNativeTarget "metaappTests" */ = {
			isa = XCConfigurationList;
			buildConfigurations = (
				842C09EB1B0A9272000F2284 /* Debug */,
				842C09EC1B0A9272000F2284 /* Release */,
			);
			defaultConfigurationIsVisible = 0;
			defaultConfigurationName = Release;
		};
/* End XCConfigurationList section */
	};
	rootObject = 842C09C01B0A9271000F2284 /* Project object */;
}
